// !$*UTF8*$!
{
	archiveVersion = 1;
	classes = {
	};
	objectVersion = 50;
	objects = {

/* Begin PBXBuildFile section */
		9DE4E5642142DD3B007150B9 /* AppDelegate.swift in Sources */ = {isa = PBXBuildFile; fileRef = 9DE4E5632142DD3B007150B9 /* AppDelegate.swift */; };
		9DE4E5662142DD3B007150B9 /* ViewController.swift in Sources */ = {isa = PBXBuildFile; fileRef = 9DE4E5652142DD3B007150B9 /* ViewController.swift */; };
		9DE4E5692142DD3B007150B9 /* Main.storyboard in Resources */ = {isa = PBXBuildFile; fileRef = 9DE4E5672142DD3B007150B9 /* Main.storyboard */; };
		9DE4E56B2142DD3C007150B9 /* Assets.xcassets in Resources */ = {isa = PBXBuildFile; fileRef = 9DE4E56A2142DD3C007150B9 /* Assets.xcassets */; };
		9DE4E56E2142DD3C007150B9 /* LaunchScreen.storyboard in Resources */ = {isa = PBXBuildFile; fileRef = 9DE4E56C2142DD3C007150B9 /* LaunchScreen.storyboard */; };
		9DE4E5792142DD3C007150B9 /* FirstProjectTests.swift in Sources */ = {isa = PBXBuildFile; fileRef = 9DE4E5782142DD3C007150B9 /* FirstProjectTests.swift */; };
		9DE4E5842142DD3D007150B9 /* FirstProjectUITests.swift in Sources */ = {isa = PBXBuildFile; fileRef = 9DE4E5832142DD3D007150B9 /* FirstProjectUITests.swift */; };
		9DE4E5922142DDE4007150B9 /* main.swift in Sources */ = {isa = PBXBuildFile; fileRef = 9DE4E5912142DDE4007150B9 /* main.swift */; };
/* End PBXBuildFile section */

/* Begin PBXContainerItemProxy section */
		9DE4E5752142DD3C007150B9 /* PBXContainerItemProxy */ = {
			isa = PBXContainerItemProxy;
			containerPortal = 9DE4E5582142DD3A007150B9 /* Project object */;
			proxyType = 1;
			remoteGlobalIDString = 9DE4E55F2142DD3A007150B9;
			remoteInfo = FirstProject;
		};
		9DE4E5802142DD3D007150B9 /* PBXContainerItemProxy */ = {
			isa = PBXContainerItemProxy;
			containerPortal = 9DE4E5582142DD3A007150B9 /* Project object */;
			proxyType = 1;
			remoteGlobalIDString = 9DE4E55F2142DD3A007150B9;
			remoteInfo = FirstProject;
		};
/* End PBXContainerItemProxy section */

/* Begin PBXFileReference section */
		9D35911C214440FC0001CDB2 /* en */ = {isa = PBXFileReference; lastKnownFileType = text.plist.strings; name = en; path = en.lproj/Main.strings; sourceTree = "<group>"; };
		9DE4E5602142DD3B007150B9 /* FirstProject.app */ = {isa = PBXFileReference; explicitFileType = wrapper.application; includeInIndex = 0; path = FirstProject.app; sourceTree = BUILT_PRODUCTS_DIR; };
		9DE4E5632142DD3B007150B9 /* AppDelegate.swift */ = {isa = PBXFileReference; lastKnownFileType = sourcecode.swift; path = AppDelegate.swift; sourceTree = "<group>"; };
		9DE4E5652142DD3B007150B9 /* ViewController.swift */ = {isa = PBXFileReference; lastKnownFileType = sourcecode.swift; path = ViewController.swift; sourceTree = "<group>"; };
		9DE4E5682142DD3B007150B9 /* Base */ = {isa = PBXFileReference; lastKnownFileType = file.storyboard; name = Base; path = Base.lproj/Main.storyboard; sourceTree = "<group>"; };
		9DE4E56A2142DD3C007150B9 /* Assets.xcassets */ = {isa = PBXFileReference; lastKnownFileType = folder.assetcatalog; path = Assets.xcassets; sourceTree = "<group>"; };
		9DE4E56D2142DD3C007150B9 /* Base */ = {isa = PBXFileReference; lastKnownFileType = file.storyboard; name = Base; path = Base.lproj/LaunchScreen.storyboard; sourceTree = "<group>"; };
		9DE4E56F2142DD3C007150B9 /* Info.plist */ = {isa = PBXFileReference; lastKnownFileType = text.plist.xml; path = Info.plist; sourceTree = "<group>"; };
		9DE4E5742142DD3C007150B9 /* FirstProjectTests.xctest */ = {isa = PBXFileReference; explicitFileType = wrapper.cfbundle; includeInIndex = 0; path = FirstProjectTests.xctest; sourceTree = BUILT_PRODUCTS_DIR; };
		9DE4E5782142DD3C007150B9 /* FirstProjectTests.swift */ = {isa = PBXFileReference; lastKnownFileType = sourcecode.swift; path = FirstProjectTests.swift; sourceTree = "<group>"; };
		9DE4E57A2142DD3C007150B9 /* Info.plist */ = {isa = PBXFileReference; lastKnownFileType = text.plist.xml; path = Info.plist; sourceTree = "<group>"; };
		9DE4E57F2142DD3D007150B9 /* FirstProjectUITests.xctest */ = {isa = PBXFileReference; explicitFileType = wrapper.cfbundle; includeInIndex = 0; path = FirstProjectUITests.xctest; sourceTree = BUILT_PRODUCTS_DIR; };
		9DE4E5832142DD3D007150B9 /* FirstProjectUITests.swift */ = {isa = PBXFileReference; lastKnownFileType = sourcecode.swift; path = FirstProjectUITests.swift; sourceTree = "<group>"; };
		9DE4E5852142DD3D007150B9 /* Info.plist */ = {isa = PBXFileReference; lastKnownFileType = text.plist.xml; path = Info.plist; sourceTree = "<group>"; };
		9DE4E5912142DDE4007150B9 /* main.swift */ = {isa = PBXFileReference; lastKnownFileType = sourcecode.swift; path = main.swift; sourceTree = "<group>"; };
/* End PBXFileReference section */

/* Begin PBXFrameworksBuildPhase section */
		9DE4E55D2142DD3A007150B9 /* Frameworks */ = {
			isa = PBXFrameworksBuildPhase;
			buildActionMask = 2147483647;
			files = (
			);
			runOnlyForDeploymentPostprocessing = 0;
		};
		9DE4E5712142DD3C007150B9 /* Frameworks */ = {
			isa = PBXFrameworksBuildPhase;
			buildActionMask = 2147483647;
			files = (
			);
			runOnlyForDeploymentPostprocessing = 0;
		};
		9DE4E57C2142DD3D007150B9 /* Frameworks */ = {
			isa = PBXFrameworksBuildPhase;
			buildActionMask = 2147483647;
			files = (
			);
			runOnlyForDeploymentPostprocessing = 0;
		};
/* End PBXFrameworksBuildPhase section */

/* Begin PBXGroup section */
		9DE4E5572142DD3A007150B9 = {
			isa = PBXGroup;
			children = (
				9DE4E5622142DD3B007150B9 /* FirstProject */,
				9DE4E5772142DD3C007150B9 /* FirstProjectTests */,
				9DE4E5822142DD3D007150B9 /* FirstProjectUITests */,
				9DE4E5612142DD3B007150B9 /* Products */,
			);
			sourceTree = "<group>";
		};
		9DE4E5612142DD3B007150B9 /* Products */ = {
			isa = PBXGroup;
			children = (
				9DE4E5602142DD3B007150B9 /* FirstProject.app */,
				9DE4E5742142DD3C007150B9 /* FirstProjectTests.xctest */,
				9DE4E57F2142DD3D007150B9 /* FirstProjectUITests.xctest */,
			);
			name = Products;
			sourceTree = "<group>";
		};
		9DE4E5622142DD3B007150B9 /* FirstProject */ = {
			isa = PBXGroup;
			children = (
				9DE4E5632142DD3B007150B9 /* AppDelegate.swift */,
				9DE4E5652142DD3B007150B9 /* ViewController.swift */,
				9DE4E5672142DD3B007150B9 /* Main.storyboard */,
				9DE4E56A2142DD3C007150B9 /* Assets.xcassets */,
				9DE4E56C2142DD3C007150B9 /* LaunchScreen.storyboard */,
				9DE4E56F2142DD3C007150B9 /* Info.plist */,
				9DE4E5912142DDE4007150B9 /* main.swift */,
			);
			path = FirstProject;
			sourceTree = "<group>";
		};
		9DE4E5772142DD3C007150B9 /* FirstProjectTests */ = {
			isa = PBXGroup;
			children = (
				9DE4E5782142DD3C007150B9 /* FirstProjectTests.swift */,
				9DE4E57A2142DD3C007150B9 /* Info.plist */,
			);
			path = FirstProjectTests;
			sourceTree = "<group>";
		};
		9DE4E5822142DD3D007150B9 /* FirstProjectUITests */ = {
			isa = PBXGroup;
			children = (
				9DE4E5832142DD3D007150B9 /* FirstProjectUITests.swift */,
				9DE4E5852142DD3D007150B9 /* Info.plist */,
			);
			path = FirstProjectUITests;
			sourceTree = "<group>";
		};
/* End PBXGroup section */

/* Begin PBXNativeTarget section */
		9DE4E55F2142DD3A007150B9 /* FirstProject */ = {
			isa = PBXNativeTarget;
			buildConfigurationList = 9DE4E5882142DD3D007150B9 /* Build configuration list for PBXNativeTarget "FirstProject" */;
			buildPhases = (
				9DE4E55C2142DD3A007150B9 /* Sources */,
				9DE4E55D2142DD3A007150B9 /* Frameworks */,
				9DE4E55E2142DD3A007150B9 /* Resources */,
			);
			buildRules = (
			);
			dependencies = (
			);
			name = FirstProject;
			productName = FirstProject;
			productReference = 9DE4E5602142DD3B007150B9 /* FirstProject.app */;
			productType = "com.apple.product-type.application";
		};
		9DE4E5732142DD3C007150B9 /* FirstProjectTests */ = {
			isa = PBXNativeTarget;
			buildConfigurationList = 9DE4E58B2142DD3D007150B9 /* Build configuration list for PBXNativeTarget "FirstProjectTests" */;
			buildPhases = (
				9DE4E5702142DD3C007150B9 /* Sources */,
				9DE4E5712142DD3C007150B9 /* Frameworks */,
				9DE4E5722142DD3C007150B9 /* Resources */,
			);
			buildRules = (
			);
			dependencies = (
				9DE4E5762142DD3C007150B9 /* PBXTargetDependency */,
			);
			name = FirstProjectTests;
			productName = FirstProjectTests;
			productReference = 9DE4E5742142DD3C007150B9 /* FirstProjectTests.xctest */;
			productType = "com.apple.product-type.bundle.unit-test";
		};
		9DE4E57E2142DD3D007150B9 /* FirstProjectUITests */ = {
			isa = PBXNativeTarget;
			buildConfigurationList = 9DE4E58E2142DD3D007150B9 /* Build configuration list for PBXNativeTarget "FirstProjectUITests" */;
			buildPhases = (
				9DE4E57B2142DD3D007150B9 /* Sources */,
				9DE4E57C2142DD3D007150B9 /* Frameworks */,
				9DE4E57D2142DD3D007150B9 /* Resources */,
			);
			buildRules = (
			);
			dependencies = (
				9DE4E5812142DD3D007150B9 /* PBXTargetDependency */,
			);
			name = FirstProjectUITests;
			productName = FirstProjectUITests;
			productReference = 9DE4E57F2142DD3D007150B9 /* FirstProjectUITests.xctest */;
			productType = "com.apple.product-type.bundle.ui-testing";
		};
/* End PBXNativeTarget section */

/* Begin PBXProject section */
		9DE4E5582142DD3A007150B9 /* Project object */ = {
			isa = PBXProject;
			attributes = {
				LastSwiftUpdateCheck = 0940;
				LastUpgradeCheck = 0940;
				ORGANIZATIONNAME = user144758;
				TargetAttributes = {
					9DE4E55F2142DD3A007150B9 = {
						CreatedOnToolsVersion = 9.4.1;
					};
					9DE4E5732142DD3C007150B9 = {
						CreatedOnToolsVersion = 9.4.1;
						TestTargetID = 9DE4E55F2142DD3A007150B9;
					};
					9DE4E57E2142DD3D007150B9 = {
						CreatedOnToolsVersion = 9.4.1;
						TestTargetID = 9DE4E55F2142DD3A007150B9;
					};
				};
			};
			buildConfigurationList = 9DE4E55B2142DD3A007150B9 /* Build configuration list for PBXProject "FirstProject" */;
			compatibilityVersion = "Xcode 9.3";
			developmentRegion = en;
			hasScannedForEncodings = 0;
			knownRegions = (
				en,
				Base,
			);
			mainGroup = 9DE4E5572142DD3A007150B9;
			productRefGroup = 9DE4E5612142DD3B007150B9 /* Products */;
			projectDirPath = "";
			projectRoot = "";
			targets = (
				9DE4E55F2142DD3A007150B9 /* FirstProject */,
				9DE4E5732142DD3C007150B9 /* FirstProjectTests */,
				9DE4E57E2142DD3D007150B9 /* FirstProjectUITests */,
			);
		};
/* End PBXProject section */

/* Begin PBXResourcesBuildPhase section */
		9DE4E55E2142DD3A007150B9 /* Resources */ = {
			isa = PBXResourcesBuildPhase;
			buildActionMask = 2147483647;
			files = (
				9DE4E56E2142DD3C007150B9 /* LaunchScreen.storyboard in Resources */,
				9DE4E56B2142DD3C007150B9 /* Assets.xcassets in Resources */,
				9DE4E5692142DD3B007150B9 /* Main.storyboard in Resources */,
			);
			runOnlyForDeploymentPostprocessing = 0;
		};
		9DE4E5722142DD3C007150B9 /* Resources */ = {
			isa = PBXResourcesBuildPhase;
			buildActionMask = 2147483647;
			files = (
			);
			runOnlyForDeploymentPostprocessing = 0;
		};
		9DE4E57D2142DD3D007150B9 /* Resources */ = {
			isa = PBXResourcesBuildPhase;
			buildActionMask = 2147483647;
			files = (
			);
			runOnlyForDeploymentPostprocessing = 0;
		};
/* End PBXResourcesBuildPhase section */

/* Begin PBXSourcesBuildPhase section */
		9DE4E55C2142DD3A007150B9 /* Sources */ = {
			isa = PBXSourcesBuildPhase;
			buildActionMask = 2147483647;
			files = (
				9DE4E5662142DD3B007150B9 /* ViewController.swift in Sources */,
				9DE4E5642142DD3B007150B9 /* AppDelegate.swift in Sources */,
				9DE4E5922142DDE4007150B9 /* main.swift in Sources */,
			);
			runOnlyForDeploymentPostprocessing = 0;
		};
		9DE4E5702142DD3C007150B9 /* Sources */ = {
			isa = PBXSourcesBuildPhase;
			buildActionMask = 2147483647;
			files = (
				9DE4E5792142DD3C007150B9 /* FirstProjectTests.swift in Sources */,
			);
			runOnlyForDeploymentPostprocessing = 0;
		};
		9DE4E57B2142DD3D007150B9 /* Sources */ = {
			isa = PBXSourcesBuildPhase;
			buildActionMask = 2147483647;
			files = (
				9DE4E5842142DD3D007150B9 /* FirstProjectUITests.swift in Sources */,
			);
			runOnlyForDeploymentPostprocessing = 0;
		};
/* End PBXSourcesBuildPhase section */

/* Begin PBXTargetDependency section */
		9DE4E5762142DD3C007150B9 /* PBXTargetDependency */ = {
			isa = PBXTargetDependency;
			target = 9DE4E55F2142DD3A007150B9 /* FirstProject */;
			targetProxy = 9DE4E5752142DD3C007150B9 /* PBXContainerItemProxy */;
		};
		9DE4E5812142DD3D007150B9 /* PBXTargetDependency */ = {
			isa = PBXTargetDependency;
			target = 9DE4E55F2142DD3A007150B9 /* FirstProject */;
			targetProxy = 9DE4E5802142DD3D007150B9 /* PBXContainerItemProxy */;
		};
/* End PBXTargetDependency section */

/* Begin PBXVariantGroup section */
		9DE4E5672142DD3B007150B9 /* Main.storyboard */ = {
			isa = PBXVariantGroup;
			children = (
				9DE4E5682142DD3B007150B9 /* Base */,
				9D35911C214440FC0001CDB2 /* en */,
			);
			name = Main.storyboard;
			sourceTree = "<group>";
		};
		9DE4E56C2142DD3C007150B9 /* LaunchScreen.storyboard */ = {
			isa = PBXVariantGroup;
			children = (
				9DE4E56D2142DD3C007150B9 /* Base */,
			);
			name = LaunchScreen.storyboard;
			sourceTree = "<group>";
		};
/* End PBXVariantGroup section */

/* Begin XCBuildConfiguration section */
		9DE4E5862142DD3D007150B9 /* Debug */ = {
			isa = XCBuildConfiguration;
			buildSettings = {
				ALWAYS_SEARCH_USER_PATHS = NO;
				CLANG_ANALYZER_NONNULL = YES;
				CLANG_ANALYZER_NUMBER_OBJECT_CONVERSION = YES_AGGRESSIVE;
				CLANG_CXX_LANGUAGE_STANDARD = "gnu++14";
				CLANG_CXX_LIBRARY = "libc++";
				CLANG_ENABLE_MODULES = YES;
				CLANG_ENABLE_OBJC_ARC = YES;
				CLANG_ENABLE_OBJC_WEAK = YES;
				CLANG_WARN_BLOCK_CAPTURE_AUTORELEASING = YES;
				CLANG_WARN_BOOL_CONVERSION = YES;
				CLANG_WARN_COMMA = YES;
				CLANG_WARN_CONSTANT_CONVERSION = YES;
				CLANG_WARN_DEPRECATED_OBJC_IMPLEMENTATIONS = YES;
				CLANG_WARN_DIRECT_OBJC_ISA_USAGE = YES_ERROR;
				CLANG_WARN_DOCUMENTATION_COMMENTS = YES;
				CLANG_WARN_EMPTY_BODY = YES;
				CLANG_WARN_ENUM_CONVERSION = YES;
				CLANG_WARN_INFINITE_RECURSION = YES;
				CLANG_WARN_INT_CONVERSION = YES;
				CLANG_WARN_NON_LITERAL_NULL_CONVERSION = YES;
				CLANG_WARN_OBJC_IMPLICIT_RETAIN_SELF = YES;
				CLANG_WARN_OBJC_LITERAL_CONVERSION = YES;
				CLANG_WARN_OBJC_ROOT_CLASS = YES_ERROR;
				CLANG_WARN_RANGE_LOOP_ANALYSIS = YES;
				CLANG_WARN_STRICT_PROTOTYPES = YES;
				CLANG_WARN_SUSPICIOUS_MOVE = YES;
				CLANG_WARN_UNGUARDED_AVAILABILITY = YES_AGGRESSIVE;
				CLANG_WARN_UNREACHABLE_CODE = YES;
				CLANG_WARN__DUPLICATE_METHOD_MATCH = YES;
				CODE_SIGN_IDENTITY = "iPhone Developer";
				COPY_PHASE_STRIP = NO;
				DEBUG_INFORMATION_FORMAT = dwarf;
				ENABLE_STRICT_OBJC_MSGSEND = YES;
				ENABLE_TESTABILITY = YES;
				GCC_C_LANGUAGE_STANDARD = gnu11;
				GCC_DYNAMIC_NO_PIC = NO;
				GCC_NO_COMMON_BLOCKS = YES;
				GCC_OPTIMIZATION_LEVEL = 0;
				GCC_PREPROCESSOR_DEFINITIONS = (
					"DEBUG=1",
					"$(inherited)",
				);
				GCC_WARN_64_TO_32_BIT_CONVERSION = YES;
				GCC_WARN_ABOUT_RETURN_TYPE = YES_ERROR;
				GCC_WARN_UNDECLARED_SELECTOR = YES;
				GCC_WARN_UNINITIALIZED_AUTOS = YES_AGGRESSIVE;
				GCC_WARN_UNUSED_FUNCTION = YES;
				GCC_WARN_UNUSED_VARIABLE = YES;
				IPHONEOS_DEPLOYMENT_TARGET = 11.4;
				MTL_ENABLE_DEBUG_INFO = YES;
				ONLY_ACTIVE_ARCH = YES;
				SDKROOT = iphoneos;
				SWIFT_ACTIVE_COMPILATION_CONDITIONS = DEBUG;
				SWIFT_OPTIMIZATION_LEVEL = "-Onone";
			};
			name = Debug;
		};
		9DE4E5872142DD3D007150B9 /* Release */ = {
			isa = XCBuildConfiguration;
			buildSettings = {
				ALWAYS_SEARCH_USER_PATHS = NO;
				CLANG_ANALYZER_NONNULL = YES;
				CLANG_ANALYZER_NUMBER_OBJECT_CONVERSION = YES_AGGRESSIVE;
				CLANG_CXX_LANGUAGE_STANDARD = "gnu++14";
				CLANG_CXX_LIBRARY = "libc++";
				CLANG_ENABLE_MODULES = YES;
				CLANG_ENABLE_OBJC_ARC = YES;
				CLANG_ENABLE_OBJC_WEAK = YES;
				CLANG_WARN_BLOCK_CAPTURE_AUTORELEASING = YES;
				CLANG_WARN_BOOL_CONVERSION = YES;
				CLANG_WARN_COMMA = YES;
				CLANG_WARN_CONSTANT_CONVERSION = YES;
				CLANG_WARN_DEPRECATED_OBJC_IMPLEMENTATIONS = YES;
				CLANG_WARN_DIRECT_OBJC_ISA_USAGE = YES_ERROR;
				CLANG_WARN_DOCUMENTATION_COMMENTS = YES;
				CLANG_WARN_EMPTY_BODY = YES;
				CLANG_WARN_ENUM_CONVERSION = YES;
				CLANG_WARN_INFINITE_RECURSION = YES;
				CLANG_WARN_INT_CONVERSION = YES;
				CLANG_WARN_NON_LITERAL_NULL_CONVERSION = YES;
				CLANG_WARN_OBJC_IMPLICIT_RETAIN_SELF = YES;
				CLANG_WARN_OBJC_LITERAL_CONVERSION = YES;
				CLANG_WARN_OBJC_ROOT_CLASS = YES_ERROR;
				CLANG_WARN_RANGE_LOOP_ANALYSIS = YES;
				CLANG_WARN_STRICT_PROTOTYPES = YES;
				CLANG_WARN_SUSPICIOUS_MOVE = YES;
				CLANG_WARN_UNGUARDED_AVAILABILITY = YES_AGGRESSIVE;
				CLANG_WARN_UNREACHABLE_CODE = YES;
				CLANG_WARN__DUPLICATE_METHOD_MATCH = YES;
				CODE_SIGN_IDENTITY = "iPhone Developer";
				COPY_PHASE_STRIP = NO;
				DEBUG_INFORMATION_FORMAT = "dwarf-with-dsym";
				ENABLE_NS_ASSERTIONS = NO;
				ENABLE_STRICT_OBJC_MSGSEND = YES;
				GCC_C_LANGUAGE_STANDARD = gnu11;
				GCC_NO_COMMON_BLOCKS = YES;
				GCC_WARN_64_TO_32_BIT_CONVERSION = YES;
				GCC_WARN_ABOUT_RETURN_TYPE = YES_ERROR;
				GCC_WARN_UNDECLARED_SELECTOR = YES;
				GCC_WARN_UNINITIALIZED_AUTOS = YES_AGGRESSIVE;
				GCC_WARN_UNUSED_FUNCTION = YES;
				GCC_WARN_UNUSED_VARIABLE = YES;
				IPHONEOS_DEPLOYMENT_TARGET = 11.4;
				MTL_ENABLE_DEBUG_INFO = NO;
				SDKROOT = iphoneos;
				SWIFT_COMPILATION_MODE = wholemodule;
				SWIFT_OPTIMIZATION_LEVEL = "-O";
				VALIDATE_PRODUCT = YES;
			};
			name = Release;
		};
		9DE4E5892142DD3D007150B9 /* Debug */ = {
			isa = XCBuildConfiguration;
			buildSettings = {
				ASSETCATALOG_COMPILER_APPICON_NAME = AppIcon;
				CODE_SIGN_STYLE = Automatic;
				INFOPLIST_FILE = FirstProject/Info.plist;
				LD_RUNPATH_SEARCH_PATHS = (
					"$(inherited)",
					"@executable_path/Frameworks",
				);
				PRODUCT_BUNDLE_IDENTIFIER = myFirst.FirstProject;
				PRODUCT_NAME = "$(TARGET_NAME)";
				SWIFT_VERSION = 4.0;
				TARGETED_DEVICE_FAMILY = "1,2";
			};
			name = Debug;
		};
		9DE4E58A2142DD3D007150B9 /* Release */ = {
			isa = XCBuildConfiguration;
			buildSettings = {
				ASSETCATALOG_COMPILER_APPICON_NAME = AppIcon;
				CODE_SIGN_STYLE = Automatic;
				INFOPLIST_FILE = FirstProject/Info.plist;
				LD_RUNPATH_SEARCH_PATHS = (
					"$(inherited)",
					"@executable_path/Frameworks",
				);
				PRODUCT_BUNDLE_IDENTIFIER = myFirst.FirstProject;
				PRODUCT_NAME = "$(TARGET_NAME)";
				SWIFT_VERSION = 4.0;
				TARGETED_DEVICE_FAMILY = "1,2";
			};
			name = Release;
		};
		9DE4E58C2142DD3D007150B9 /* Debug */ = {
			isa = XCBuildConfiguration;
			buildSettings = {
				ALWAYS_EMBED_SWIFT_STANDARD_LIBRARIES = YES;
				BUNDLE_LOADER = "$(TEST_HOST)";
				CODE_SIGN_STYLE = Automatic;
				INFOPLIST_FILE = FirstProjectTests/Info.plist;
				LD_RUNPATH_SEARCH_PATHS = (
					"$(inherited)",
					"@executable_path/Frameworks",
					"@loader_path/Frameworks",
				);
				PRODUCT_BUNDLE_IDENTIFIER = myFirst.FirstProjectTests;
				PRODUCT_NAME = "$(TARGET_NAME)";
				SWIFT_VERSION = 4.0;
				TARGETED_DEVICE_FAMILY = "1,2";
				TEST_HOST = "$(BUILT_PRODUCTS_DIR)/FirstProject.app/FirstProject";
			};
			name = Debug;
		};
		9DE4E58D2142DD3D007150B9 /* Release */ = {
			isa = XCBuildConfiguration;
			buildSettings = {
				ALWAYS_EMBED_SWIFT_STANDARD_LIBRARIES = YES;
				BUNDLE_LOADER = "$(TEST_HOST)";
				CODE_SIGN_STYLE = Automatic;
				INFOPLIST_FILE = FirstProjectTests/Info.plist;
				LD_RUNPATH_SEARCH_PATHS = (
					"$(inherited)",
					"@executable_path/Frameworks",
					"@loader_path/Frameworks",
				);
				PRODUCT_BUNDLE_IDENTIFIER = myFirst.FirstProjectTests;
				PRODUCT_NAME = "$(TARGET_NAME)";
				SWIFT_VERSION = 4.0;
				TARGETED_DEVICE_FAMILY = "1,2";
				TEST_HOST = "$(BUILT_PRODUCTS_DIR)/FirstProject.app/FirstProject";
			};
			name = Release;
		};
		9DE4E58F2142DD3D007150B9 /* Debug */ = {
			isa = XCBuildConfiguration;
			buildSettings = {
				ALWAYS_EMBED_SWIFT_STANDARD_LIBRARIES = YES;
				CODE_SIGN_STYLE = Automatic;
				INFOPLIST_FILE = FirstProjectUITests/Info.plist;
				LD_RUNPATH_SEARCH_PATHS = (
					"$(inherited)",
					"@executable_path/Frameworks",
					"@loader_path/Frameworks",
				);
				PRODUCT_BUNDLE_IDENTIFIER = myFirst.FirstProjectUITests;
				PRODUCT_NAME = "$(TARGET_NAME)";
				SWIFT_VERSION = 4.0;
				TARGETED_DEVICE_FAMILY = "1,2";
				TEST_TARGET_NAME = FirstProject;
			};
			name = Debug;
		};
		9DE4E5902142DD3D007150B9 /* Release */ = {
			isa = XCBuildConfiguration;
			buildSettings = {
				ALWAYS_EMBED_SWIFT_STANDARD_LIBRARIES = YES;
				CODE_SIGN_STYLE = Automatic;
				INFOPLIST_FILE = FirstProjectUITests/Info.plist;
				LD_RUNPATH_SEARCH_PATHS = (
					"$(inherited)",
					"@executable_path/Frameworks",
					"@loader_path/Frameworks",
				);
				PRODUCT_BUNDLE_IDENTIFIER = myFirst.FirstProjectUITests;
				PRODUCT_NAME = "$(TARGET_NAME)";
				SWIFT_VERSION = 4.0;
				TARGETED_DEVICE_FAMILY = "1,2";
				TEST_TARGET_NAME = FirstProject;
			};
			name = Release;
		};
/* End XCBuildConfiguration section */

/* Begin XCConfigurationList section */
		9DE4E55B2142DD3A007150B9 /* Build configuration list for PBXProject "FirstProject" */ = {
			isa = XCConfigurationList;
			buildConfigurations = (
				9DE4E5862142DD3D007150B9 /* Debug */,
				9DE4E5872142DD3D007150B9 /* Release */,
			);
			defaultConfigurationIsVisible = 0;
			defaultConfigurationName = Release;
		};
		9DE4E5882142DD3D007150B9 /* Build configuration list for PBXNativeTarget "FirstProject" */ = {
			isa = XCConfigurationList;
			buildConfigurations = (
				9DE4E5892142DD3D007150B9 /* Debug */,
				9DE4E58A2142DD3D007150B9 /* Release */,
			);
			defaultConfigurationIsVisible = 0;
			defaultConfigurationName = Release;
		};
		9DE4E58B2142DD3D007150B9 /* Build configuration list for PBXNativeTarget "FirstProjectTests" */ = {
			isa = XCConfigurationList;
			buildConfigurations = (
				9DE4E58C2142DD3D007150B9 /* Debug */,
				9DE4E58D2142DD3D007150B9 /* Release */,
			);
			defaultConfigurationIsVisible = 0;
			defaultConfigurationName = Release;
		};
		9DE4E58E2142DD3D007150B9 /* Build configuration list for PBXNativeTarget "FirstProjectUITests" */ = {
			isa = XCConfigurationList;
			buildConfigurations = (
				9DE4E58F2142DD3D007150B9 /* Debug */,
				9DE4E5902142DD3D007150B9 /* Release */,
			);
			defaultConfigurationIsVisible = 0;
			defaultConfigurationName = Release;
		};
/* End XCConfigurationList section */
	};
	rootObject = 9DE4E5582142DD3A007150B9 /* Project object */;
}
